
Microsoft Visual Studio Solution File, Format Version 12.00
# Visual Studio Version 16
VisualStudioVersion = 16.0.32602.291
MinimumVisualStudioVersion = 10.0.40219.1
Project("{FAE04EC0-301F-11D3-BF4B-00C04F79EFBC}") = "StandardWebAPI", "StandardWebAPI\StandardWebAPI.csproj", "{FC7587F5-C9CB-445C-91DB-6AC240D0362E}"
EndProject
Global
	GlobalSection(SolutionConfigurationPlatforms) = preSolution
		Debug|Any CPU = Debug|Any CPU
		Release|Any CPU = Release|Any CPU
	EndGlobalSection
	GlobalSection(ProjectConfigurationPlatforms) = postSolution
		{FC7587F5-C9CB-445C-91DB-6AC240D0362E}.Debug|Any CPU.ActiveCfg = Debug|Any CPU
		{FC7587F5-C9CB-445C-91DB-6AC240D0362E}.Debug|Any CPU.Build.0 = Debug|Any CPU
		{FC7587F5-C9CB-445C-91DB-6AC240D0362E}.Release|Any CPU.ActiveCfg = Release|Any CPU
		{FC7587F5-C9CB-445C-91DB-6AC240D0362E}.Release|Any CPU.Build.0 = Release|Any CPU
	EndGlobalSection
	GlobalSection(SolutionProperties) = preSolution
		HideSolutionNode = FALSE
	EndGlobalSection
	GlobalSection(ExtensibilityGlobals) = postSolution
		SolutionGuid = {105AC590-730B-452E-BFAD-414DFD152C93}
	EndGlobalSection
EndGlobal
